// !$*UTF8*$!
{
	archiveVersion = 1;
	classes = {
	};
	objectVersion = 50;
	objects = {

/* Begin PBXBuildFile section */
		8E338E4626AB283D007F38CE /* Ascii-Art.swift in Sources */ = {isa = PBXBuildFile; fileRef = 8E338E4526AB283D007F38CE /* Ascii-Art.swift */; };
		8E538D71266FC5E200943AD1 /* Jailer.swift in Sources */ = {isa = PBXBuildFile; fileRef = 8E538D70266FC5E200943AD1 /* Jailer.swift */; };
		8E566871268A131C00986B5A /* Witch.swift in Sources */ = {isa = PBXBuildFile; fileRef = 8E566870268A131C00986B5A /* Witch.swift */; };
		8E566873268A13D700986B5A /* Fichman.swift in Sources */ = {isa = PBXBuildFile; fileRef = 8E566872268A13D700986B5A /* Fichman.swift */; };
		8E566875268A147700986B5A /* Sorcerer.swift in Sources */ = {isa = PBXBuildFile; fileRef = 8E566874268A147700986B5A /* Sorcerer.swift */; };
		8E566877268A14AD00986B5A /* Mate.swift in Sources */ = {isa = PBXBuildFile; fileRef = 8E566876268A14AD00986B5A /* Mate.swift */; };
		8E566885268A166600986B5A /* Sword.swift in Sources */ = {isa = PBXBuildFile; fileRef = 8E566884268A166600986B5A /* Sword.swift */; };
		8E566887268A16C800986B5A /* Canonball.swift in Sources */ = {isa = PBXBuildFile; fileRef = 8E566886268A16C800986B5A /* Canonball.swift */; };
		8E566889268A16F000986B5A /* MagicSkullhead.swift in Sources */ = {isa = PBXBuildFile; fileRef = 8E566888268A16F000986B5A /* MagicSkullhead.swift */; };
		8E56688B268A170800986B5A /* Harpoon.swift in Sources */ = {isa = PBXBuildFile; fileRef = 8E56688A268A170800986B5A /* Harpoon.swift */; };
		8E56688D268A178900986B5A /* Scepter.swift in Sources */ = {isa = PBXBuildFile; fileRef = 8E56688C268A178900986B5A /* Scepter.swift */; };
		8E56688F268A17C600986B5A /* FlammableRhum.swift in Sources */ = {isa = PBXBuildFile; fileRef = 8E56688E268A17C600986B5A /* FlammableRhum.swift */; };
		8EB9A968266AA4F500273B3C /* Pirate.swift in Sources */ = {isa = PBXBuildFile; fileRef = 8EB9A967266AA4F500273B3C /* Pirate.swift */; };
		8EB9A96F266AAC1400273B3C /* Player.swift in Sources */ = {isa = PBXBuildFile; fileRef = 8EB9A96A266AA87000273B3C /* Player.swift */; };
		8EBC23F726AF3FD100299009 /* BonusWeapon.swift in Sources */ = {isa = PBXBuildFile; fileRef = 8EBC23F626AF3FD100299009 /* BonusWeapon.swift */; };
		8EC34C73266290A300E4ECBC /* Character.swift in Sources */ = {isa = PBXBuildFile; fileRef = 8EC34C72266290A300E4ECBC /* Character.swift */; };
		8EC34C7726629E1000E4ECBC /* Weapon.swift in Sources */ = {isa = PBXBuildFile; fileRef = 8EC34C7626629E1000E4ECBC /* Weapon.swift */; };
		8EDD2FE4265BE334009FE51A /* main.swift in Sources */ = {isa = PBXBuildFile; fileRef = 8EDD2FE3265BE334009FE51A /* main.swift */; };
		8EDD2FEB265BE4DA009FE51A /* Game.swift in Sources */ = {isa = PBXBuildFile; fileRef = 8EDD2FEA265BE4DA009FE51A /* Game.swift */; };
/* End PBXBuildFile section */

/* Begin PBXCopyFilesBuildPhase section */
		8EDD2FDE265BE334009FE51A /* CopyFiles */ = {
			isa = PBXCopyFilesBuildPhase;
			buildActionMask = 2147483647;
			dstPath = /usr/share/man/man1/;
			dstSubfolderSpec = 0;
			files = (
			);
			runOnlyForDeploymentPostprocessing = 1;
		};
/* End PBXCopyFilesBuildPhase section */

/* Begin PBXFileReference section */
		8E338E4526AB283D007F38CE /* Ascii-Art.swift */ = {isa = PBXFileReference; lastKnownFileType = sourcecode.swift; path = "Ascii-Art.swift"; sourceTree = "<group>"; };
		8E538D70266FC5E200943AD1 /* Jailer.swift */ = {isa = PBXFileReference; lastKnownFileType = sourcecode.swift; path = Jailer.swift; sourceTree = "<group>"; };
		8E566870268A131C00986B5A /* Witch.swift */ = {isa = PBXFileReference; lastKnownFileType = sourcecode.swift; path = Witch.swift; sourceTree = "<group>"; };
		8E566872268A13D700986B5A /* Fichman.swift */ = {isa = PBXFileReference; lastKnownFileType = sourcecode.swift; path = Fichman.swift; sourceTree = "<group>"; };
		8E566874268A147700986B5A /* Sorcerer.swift */ = {isa = PBXFileReference; lastKnownFileType = sourcecode.swift; path = Sorcerer.swift; sourceTree = "<group>"; };
		8E566876268A14AD00986B5A /* Mate.swift */ = {isa = PBXFileReference; lastKnownFileType = sourcecode.swift; path = Mate.swift; sourceTree = "<group>"; };
		8E566884268A166600986B5A /* Sword.swift */ = {isa = PBXFileReference; lastKnownFileType = sourcecode.swift; path = Sword.swift; sourceTree = "<group>"; };
		8E566886268A16C800986B5A /* Canonball.swift */ = {isa = PBXFileReference; lastKnownFileType = sourcecode.swift; path = Canonball.swift; sourceTree = "<group>"; };
		8E566888268A16F000986B5A /* MagicSkullhead.swift */ = {isa = PBXFileReference; lastKnownFileType = sourcecode.swift; path = MagicSkullhead.swift; sourceTree = "<group>"; };
		8E56688A268A170800986B5A /* Harpoon.swift */ = {isa = PBXFileReference; lastKnownFileType = sourcecode.swift; path = Harpoon.swift; sourceTree = "<group>"; };
		8E56688C268A178900986B5A /* Scepter.swift */ = {isa = PBXFileReference; lastKnownFileType = sourcecode.swift; path = Scepter.swift; sourceTree = "<group>"; };
		8E56688E268A17C600986B5A /* FlammableRhum.swift */ = {isa = PBXFileReference; lastKnownFileType = sourcecode.swift; path = FlammableRhum.swift; sourceTree = "<group>"; };
		8EB9A967266AA4F500273B3C /* Pirate.swift */ = {isa = PBXFileReference; lastKnownFileType = sourcecode.swift; path = Pirate.swift; sourceTree = "<group>"; };
		8EB9A96A266AA87000273B3C /* Player.swift */ = {isa = PBXFileReference; lastKnownFileType = sourcecode.swift; path = Player.swift; sourceTree = "<group>"; };
		8EBC23F626AF3FD100299009 /* BonusWeapon.swift */ = {isa = PBXFileReference; lastKnownFileType = sourcecode.swift; path = BonusWeapon.swift; sourceTree = "<group>"; };
		8EC34C72266290A300E4ECBC /* Character.swift */ = {isa = PBXFileReference; lastKnownFileType = sourcecode.swift; path = Character.swift; sourceTree = "<group>"; };
		8EC34C7626629E1000E4ECBC /* Weapon.swift */ = {isa = PBXFileReference; lastKnownFileType = sourcecode.swift; path = Weapon.swift; sourceTree = "<group>"; };
		8EDD2FE0265BE334009FE51A /* roleGame */ = {isa = PBXFileReference; explicitFileType = "compiled.mach-o.executable"; includeInIndex = 0; path = roleGame; sourceTree = BUILT_PRODUCTS_DIR; };
		8EDD2FE3265BE334009FE51A /* main.swift */ = {isa = PBXFileReference; lastKnownFileType = sourcecode.swift; path = main.swift; sourceTree = "<group>"; };
		8EDD2FEA265BE4DA009FE51A /* Game.swift */ = {isa = PBXFileReference; lastKnownFileType = sourcecode.swift; path = Game.swift; sourceTree = "<group>"; };
/* End PBXFileReference section */

/* Begin PBXFrameworksBuildPhase section */
		8EDD2FDD265BE334009FE51A /* Frameworks */ = {
			isa = PBXFrameworksBuildPhase;
			buildActionMask = 2147483647;
			files = (
			);
			runOnlyForDeploymentPostprocessing = 0;
		};
/* End PBXFrameworksBuildPhase section */

/* Begin PBXGroup section */
		8EB9A969266AA86B00273B3C /* Player */ = {
			isa = PBXGroup;
			children = (
				8EB9A96A266AA87000273B3C /* Player.swift */,
			);
			path = Player;
			sourceTree = "<group>";
		};
		8EB9A96B266AA8DD00273B3C /* Characters */ = {
			isa = PBXGroup;
			children = (
				8EC34C72266290A300E4ECBC /* Character.swift */,
				8EB9A967266AA4F500273B3C /* Pirate.swift */,
				8E538D70266FC5E200943AD1 /* Jailer.swift */,
				8E566870268A131C00986B5A /* Witch.swift */,
				8E566872268A13D700986B5A /* Fichman.swift */,
				8E566874268A147700986B5A /* Sorcerer.swift */,
				8E566876268A14AD00986B5A /* Mate.swift */,
			);
			path = Characters;
			sourceTree = "<group>";
		};
		8EB9A96C266AA90200273B3C /* Weapons */ = {
			isa = PBXGroup;
			children = (
				8EC34C7626629E1000E4ECBC /* Weapon.swift */,
				8E566884268A166600986B5A /* Sword.swift */,
				8E566886268A16C800986B5A /* Canonball.swift */,
				8E566888268A16F000986B5A /* MagicSkullhead.swift */,
				8E56688A268A170800986B5A /* Harpoon.swift */,
				8E56688C268A178900986B5A /* Scepter.swift */,
				8E56688E268A17C600986B5A /* FlammableRhum.swift */,
				8EBC23F626AF3FD100299009 /* BonusWeapon.swift */,
			);
			path = Weapons;
			sourceTree = "<group>";
		};
		8EDD2FD7265BE334009FE51A = {
			isa = PBXGroup;
			children = (
				8EDD2FE2265BE334009FE51A /* roleGame */,
				8EDD2FE1265BE334009FE51A /* Products */,
			);
			sourceTree = "<group>";
		};
		8EDD2FE1265BE334009FE51A /* Products */ = {
			isa = PBXGroup;
			children = (
				8EDD2FE0265BE334009FE51A /* roleGame */,
			);
			name = Products;
			sourceTree = "<group>";
		};
		8EDD2FE2265BE334009FE51A /* roleGame */ = {
			isa = PBXGroup;
			children = (
				8EDD2FE3265BE334009FE51A /* main.swift */,
				8EDD2FEA265BE4DA009FE51A /* Game.swift */,
				8E338E4526AB283D007F38CE /* Ascii-Art.swift */,
				8EB9A969266AA86B00273B3C /* Player */,
				8EB9A96B266AA8DD00273B3C /* Characters */,
				8EB9A96C266AA90200273B3C /* Weapons */,
			);
			path = roleGame;
			sourceTree = "<group>";
		};
/* End PBXGroup section */

/* Begin PBXNativeTarget section */
		8EDD2FDF265BE334009FE51A /* roleGame */ = {
			isa = PBXNativeTarget;
			buildConfigurationList = 8EDD2FE7265BE334009FE51A /* Build configuration list for PBXNativeTarget "roleGame" */;
			buildPhases = (
				8EDD2FDC265BE334009FE51A /* Sources */,
				8EDD2FDD265BE334009FE51A /* Frameworks */,
				8EDD2FDE265BE334009FE51A /* CopyFiles */,
			);
			buildRules = (
			);
			dependencies = (
			);
			name = roleGame;
			productName = roleGame;
			productReference = 8EDD2FE0265BE334009FE51A /* roleGame */;
			productType = "com.apple.product-type.tool";
		};
/* End PBXNativeTarget section */

/* Begin PBXProject section */
		8EDD2FD8265BE334009FE51A /* Project object */ = {
			isa = PBXProject;
			attributes = {
				LastSwiftUpdateCheck = 1250;
				LastUpgradeCheck = 1250;
				TargetAttributes = {
					8EDD2FDF265BE334009FE51A = {
						CreatedOnToolsVersion = 12.5;
					};
				};
			};
			buildConfigurationList = 8EDD2FDB265BE334009FE51A /* Build configuration list for PBXProject "roleGame" */;
			compatibilityVersion = "Xcode 9.3";
			developmentRegion = en;
			hasScannedForEncodings = 0;
			knownRegions = (
				en,
				Base,
			);
			mainGroup = 8EDD2FD7265BE334009FE51A;
			productRefGroup = 8EDD2FE1265BE334009FE51A /* Products */;
			projectDirPath = "";
			projectRoot = "";
			targets = (
				8EDD2FDF265BE334009FE51A /* roleGame */,
			);
		};
/* End PBXProject section */

/* Begin PBXSourcesBuildPhase section */
		8EDD2FDC265BE334009FE51A /* Sources */ = {
			isa = PBXSourcesBuildPhase;
			buildActionMask = 2147483647;
			files = (
				8E566877268A14AD00986B5A /* Mate.swift in Sources */,
				8EB9A968266AA4F500273B3C /* Pirate.swift in Sources */,
				8E56688D268A178900986B5A /* Scepter.swift in Sources */,
				8E566889268A16F000986B5A /* MagicSkullhead.swift in Sources */,
				8E566887268A16C800986B5A /* Canonball.swift in Sources */,
				8E338E4626AB283D007F38CE /* Ascii-Art.swift in Sources */,
				8EDD2FE4265BE334009FE51A /* main.swift in Sources */,
				8E566885268A166600986B5A /* Sword.swift in Sources */,
				8EC34C7726629E1000E4ECBC /* Weapon.swift in Sources */,
				8E56688F268A17C600986B5A /* FlammableRhum.swift in Sources */,
				8EC34C73266290A300E4ECBC /* Character.swift in Sources */,
				8EB9A96F266AAC1400273B3C /* Player.swift in Sources */,
				8E566873268A13D700986B5A /* Fichman.swift in Sources */,
				8EDD2FEB265BE4DA009FE51A /* Game.swift in Sources */,
				8EBC23F726AF3FD100299009 /* BonusWeapon.swift in Sources */,
				8E566875268A147700986B5A /* Sorcerer.swift in Sources */,
				8E56688B268A170800986B5A /* Harpoon.swift in Sources */,
				8E566871268A131C00986B5A /* Witch.swift in Sources */,
				8E538D71266FC5E200943AD1 /* Jailer.swift in Sources */,
			);
			runOnlyForDeploymentPostprocessing = 0;
		};
/* End PBXSourcesBuildPhase section */

/* Begin XCBuildConfiguration section */
		8EDD2FE5265BE334009FE51A /* Debug */ = {
			isa = XCBuildConfiguration;
			buildSettings = {
				ALWAYS_SEARCH_USER_PATHS = NO;
				CLANG_ANALYZER_NONNULL = YES;
				CLANG_ANALYZER_NUMBER_OBJECT_CONVERSION = YES_AGGRESSIVE;
				CLANG_CXX_LANGUAGE_STANDARD = "gnu++14";
				CLANG_CXX_LIBRARY = "libc++";
				CLANG_ENABLE_MODULES = YES;
				CLANG_ENABLE_OBJC_ARC = YES;
				CLANG_ENABLE_OBJC_WEAK = YES;
				CLANG_WARN_BLOCK_CAPTURE_AUTORELEASING = YES;
				CLANG_WARN_BOOL_CONVERSION = YES;
				CLANG_WARN_COMMA = YES;
				CLANG_WARN_CONSTANT_CONVERSION = YES;
				CLANG_WARN_DEPRECATED_OBJC_IMPLEMENTATIONS = YES;
				CLANG_WARN_DIRECT_OBJC_ISA_USAGE = YES_ERROR;
				CLANG_WARN_DOCUMENTATION_COMMENTS = YES;
				CLANG_WARN_EMPTY_BODY = YES;
				CLANG_WARN_ENUM_CONVERSION = YES;
				CLANG_WARN_INFINITE_RECURSION = YES;
				CLANG_WARN_INT_CONVERSION = YES;
				CLANG_WARN_NON_LITERAL_NULL_CONVERSION = YES;
				CLANG_WARN_OBJC_IMPLICIT_RETAIN_SELF = YES;
				CLANG_WARN_OBJC_LITERAL_CONVERSION = YES;
				CLANG_WARN_OBJC_ROOT_CLASS = YES_ERROR;
				CLANG_WARN_QUOTED_INCLUDE_IN_FRAMEWORK_HEADER = YES;
				CLANG_WARN_RANGE_LOOP_ANALYSIS = YES;
				CLANG_WARN_STRICT_PROTOTYPES = YES;
				CLANG_WARN_SUSPICIOUS_MOVE = YES;
				CLANG_WARN_UNGUARDED_AVAILABILITY = YES_AGGRESSIVE;
				CLANG_WARN_UNREACHABLE_CODE = YES;
				CLANG_WARN__DUPLICATE_METHOD_MATCH = YES;
				COPY_PHASE_STRIP = NO;
				DEBUG_INFORMATION_FORMAT = dwarf;
				ENABLE_STRICT_OBJC_MSGSEND = YES;
				ENABLE_TESTABILITY = YES;
				GCC_C_LANGUAGE_STANDARD = gnu11;
				GCC_DYNAMIC_NO_PIC = NO;
				GCC_NO_COMMON_BLOCKS = YES;
				GCC_OPTIMIZATION_LEVEL = 0;
				GCC_PREPROCESSOR_DEFINITIONS = (
					"DEBUG=1",
					"$(inherited)",
				);
				GCC_WARN_64_TO_32_BIT_CONVERSION = YES;
				GCC_WARN_ABOUT_RETURN_TYPE = YES_ERROR;
				GCC_WARN_UNDECLARED_SELECTOR = YES;
				GCC_WARN_UNINITIALIZED_AUTOS = YES_AGGRESSIVE;
				GCC_WARN_UNUSED_FUNCTION = YES;
				GCC_WARN_UNUSED_VARIABLE = YES;
				MACOSX_DEPLOYMENT_TARGET = 11.2;
				MTL_ENABLE_DEBUG_INFO = INCLUDE_SOURCE;
				MTL_FAST_MATH = YES;
				ONLY_ACTIVE_ARCH = YES;
				SDKROOT = macosx;
				SWIFT_ACTIVE_COMPILATION_CONDITIONS = DEBUG;
				SWIFT_OPTIMIZATION_LEVEL = "-Onone";
			};
			name = Debug;
		};
		8EDD2FE6265BE334009FE51A /* Release */ = {
			isa = XCBuildConfiguration;
			buildSettings = {
				ALWAYS_SEARCH_USER_PATHS = NO;
				CLANG_ANALYZER_NONNULL = YES;
				CLANG_ANALYZER_NUMBER_OBJECT_CONVERSION = YES_AGGRESSIVE;
				CLANG_CXX_LANGUAGE_STANDARD = "gnu++14";
				CLANG_CXX_LIBRARY = "libc++";
				CLANG_ENABLE_MODULES = YES;
				CLANG_ENABLE_OBJC_ARC = YES;
				CLANG_ENABLE_OBJC_WEAK = YES;
				CLANG_WARN_BLOCK_CAPTURE_AUTORELEASING = YES;
				CLANG_WARN_BOOL_CONVERSION = YES;
				CLANG_WARN_COMMA = YES;
				CLANG_WARN_CONSTANT_CONVERSION = YES;
				CLANG_WARN_DEPRECATED_OBJC_IMPLEMENTATIONS = YES;
				CLANG_WARN_DIRECT_OBJC_ISA_USAGE = YES_ERROR;
				CLANG_WARN_DOCUMENTATION_COMMENTS = YES;
				CLANG_WARN_EMPTY_BODY = YES;
				CLANG_WARN_ENUM_CONVERSION = YES;
				CLANG_WARN_INFINITE_RECURSION = YES;
				CLANG_WARN_INT_CONVERSION = YES;
				CLANG_WARN_NON_LITERAL_NULL_CONVERSION = YES;
				CLANG_WARN_OBJC_IMPLICIT_RETAIN_SELF = YES;
				CLANG_WARN_OBJC_LITERAL_CONVERSION = YES;
				CLANG_WARN_OBJC_ROOT_CLASS = YES_ERROR;
				CLANG_WARN_QUOTED_INCLUDE_IN_FRAMEWORK_HEADER = YES;
				CLANG_WARN_RANGE_LOOP_ANALYSIS = YES;
				CLANG_WARN_STRICT_PROTOTYPES = YES;
				CLANG_WARN_SUSPICIOUS_MOVE = YES;
				CLANG_WARN_UNGUARDED_AVAILABILITY = YES_AGGRESSIVE;
				CLANG_WARN_UNREACHABLE_CODE = YES;
				CLANG_WARN__DUPLICATE_METHOD_MATCH = YES;
				COPY_PHASE_STRIP = NO;
				DEBUG_INFORMATION_FORMAT = "dwarf-with-dsym";
				ENABLE_NS_ASSERTIONS = NO;
				ENABLE_STRICT_OBJC_MSGSEND = YES;
				GCC_C_LANGUAGE_STANDARD = gnu11;
				GCC_NO_COMMON_BLOCKS = YES;
				GCC_WARN_64_TO_32_BIT_CONVERSION = YES;
				GCC_WARN_ABOUT_RETURN_TYPE = YES_ERROR;
				GCC_WARN_UNDECLARED_SELECTOR = YES;
				GCC_WARN_UNINITIALIZED_AUTOS = YES_AGGRESSIVE;
				GCC_WARN_UNUSED_FUNCTION = YES;
				GCC_WARN_UNUSED_VARIABLE = YES;
				MACOSX_DEPLOYMENT_TARGET = 11.2;
				MTL_ENABLE_DEBUG_INFO = NO;
				MTL_FAST_MATH = YES;
				SDKROOT = macosx;
				SWIFT_COMPILATION_MODE = wholemodule;
				SWIFT_OPTIMIZATION_LEVEL = "-O";
			};
			name = Release;
		};
		8EDD2FE8265BE334009FE51A /* Debug */ = {
			isa = XCBuildConfiguration;
			buildSettings = {
				CODE_SIGN_STYLE = Automatic;
				DEVELOPMENT_TEAM = F45V59J67N;
				ENABLE_HARDENED_RUNTIME = YES;
				PRODUCT_NAME = "$(TARGET_NAME)";
				SWIFT_VERSION = 5.0;
			};
			name = Debug;
		};
		8EDD2FE9265BE334009FE51A /* Release */ = {
			isa = XCBuildConfiguration;
			buildSettings = {
				CODE_SIGN_STYLE = Automatic;
				DEVELOPMENT_TEAM = F45V59J67N;
				ENABLE_HARDENED_RUNTIME = YES;
				PRODUCT_NAME = "$(TARGET_NAME)";
				SWIFT_VERSION = 5.0;
			};
			name = Release;
		};
/* End XCBuildConfiguration section */

/* Begin XCConfigurationList section */
		8EDD2FDB265BE334009FE51A /* Build configuration list for PBXProject "roleGame" */ = {
			isa = XCConfigurationList;
			buildConfigurations = (
				8EDD2FE5265BE334009FE51A /* Debug */,
				8EDD2FE6265BE334009FE51A /* Release */,
			);
			defaultConfigurationIsVisible = 0;
			defaultConfigurationName = Release;
		};
		8EDD2FE7265BE334009FE51A /* Build configuration list for PBXNativeTarget "roleGame" */ = {
			isa = XCConfigurationList;
			buildConfigurations = (
				8EDD2FE8265BE334009FE51A /* Debug */,
				8EDD2FE9265BE334009FE51A /* Release */,
			);
			defaultConfigurationIsVisible = 0;
			defaultConfigurationName = Release;
		};
/* End XCConfigurationList section */
	};
	rootObject = 8EDD2FD8265BE334009FE51A /* Project object */;
}
